
Microsoft Visual Studio Solution File, Format Version 12.00
# Visual Studio Version 16
VisualStudioVersion = 16.0.808.6
MinimumVisualStudioVersion = 10.0.40219.1
Project("{FAE04EC0-301F-11D3-BF4B-00C04F79EFBC}") = "SampleApp", "SampleApp\SampleApp.csproj", "{61BBD43E-825D-42B5-ACE7-2994EEBD1E03}"
EndProject
Global
	GlobalSection(SolutionConfigurationPlatforms) = preSolution
		Debug|Any CPU = Debug|Any CPU
		Release|Any CPU = Release|Any CPU
	EndGlobalSection
	GlobalSection(ProjectConfigurationPlatforms) = postSolution
		{61BBD43E-825D-42B5-ACE7-2994EEBD1E03}.Debug|Any CPU.ActiveCfg = Debug|Any CPU
		{61BBD43E-825D-42B5-ACE7-2994EEBD1E03}.Debug|Any CPU.Build.0 = Debug|Any CPU
		{61BBD43E-825D-42B5-ACE7-2994EEBD1E03}.Release|Any CPU.ActiveCfg = Release|Any CPU
		{61BBD43E-825D-42B5-ACE7-2994EEBD1E03}.Release|Any CPU.Build.0 = Release|Any CPU
	EndGlobalSection
	GlobalSection(SolutionProperties) = preSolution
		HideSolutionNode = FALSE
	EndGlobalSection
	GlobalSection(ExtensibilityGlobals) = postSolution
		SolutionGuid = {58EFA062-A53D-4782-B449-A2C920A92A6A}
	EndGlobalSection
EndGlobal
